
Microsoft Visual Studio Solution File, Format Version 12.00
# Visual Studio Version 16
VisualStudioVersion = 16.0.30523.141
MinimumVisualStudioVersion = 10.0.40219.1
Project("{FAE04EC0-301F-11D3-BF4B-00C04F79EFBC}") = "ConvexHullAlgorithms", "ConvexHullAlgorithms\ConvexHullAlgorithms.csproj", "{1DD7F9FE-D324-4FC9-A8D6-F3820B52BA24}"
EndProject
Global
	GlobalSection(SolutionConfigurationPlatforms) = preSolution
		Debug|Any CPU = Debug|Any CPU
		Release|Any CPU = Release|Any CPU
	EndGlobalSection
	GlobalSection(ProjectConfigurationPlatforms) = postSolution
		{1DD7F9FE-D324-4FC9-A8D6-F3820B52BA24}.Debug|Any CPU.ActiveCfg = Debug|Any CPU
		{1DD7F9FE-D324-4FC9-A8D6-F3820B52BA24}.Debug|Any CPU.Build.0 = Debug|Any CPU
		{1DD7F9FE-D324-4FC9-A8D6-F3820B52BA24}.Release|Any CPU.ActiveCfg = Release|Any CPU
		{1DD7F9FE-D324-4FC9-A8D6-F3820B52BA24}.Release|Any CPU.Build.0 = Release|Any CPU
	EndGlobalSection
	GlobalSection(SolutionProperties) = preSolution
		HideSolutionNode = FALSE
	EndGlobalSection
	GlobalSection(ExtensibilityGlobals) = postSolution
		SolutionGuid = {FB3D18C6-1DDE-4AB4-BF80-1B244F8D7238}
	EndGlobalSection
EndGlobal
